{
  "name": "gpay-loyaltyapi-demo",
  "version": "0.0.1",
  "lockfileVersion": 2,
  "requires": true,
  "packages": {
    "": {
      "name": "gpay-loyaltyapi-demo",
      "version": "0.0.1",
      "license": "Apache-2.0",
      "devDependencies": {
        "eslint-config-prettier": "^8.1.0",
        "prettier": "^2.2.1"
      }
    },
    "node_modules/eslint-config-prettier": {
      "version": "8.1.0",
      "resolved": "https://registry.npmjs.org/eslint-config-prettier/-/eslint-config-prettier-8.1.0.tgz",
      "integrity": "sha512-oKMhGv3ihGbCIimCAjqkdzx2Q+jthoqnXSP+d86M9tptwugycmTFdVR4IpLgq2c4SHifbwO90z2fQ8/Aio73yw==",
      "dev": true,
      "bin": {
        "eslint-config-prettier": "bin/cli.js"
      }
    },
    "node_modules/prettier": {
      "version": "2.2.1",
      "resolved": "https://registry.npmjs.org/prettier/-/prettier-2.2.1.tgz",
      "integrity": "sha512-PqyhM2yCjg/oKkFPtTGUojv7gnZAoG80ttl45O6x2Ug/rMJw4wcc9k6aaf2hibP7BGVCCM33gZoGjyvt9mm16Q==",
      "dev": true,
      "bin": {
        "prettier": "bin-prettier.js"
      },
      "engines": {
        "node": ">=10.13.0"
      }
    }
  },
  "dependencies": {
    "eslint-config-prettier": {
      "version": "8.1.0",
      "resolved": "https://registry.npmjs.org/eslint-config-prettier/-/eslint-config-prettier-8.1.0.tgz",
      "integrity": "sha512-oKMhGv3ihGbCIimCAjqkdzx2Q+jthoqnXSP+d86M9tptwugycmTFdVR4IpLgq2c4SHifbwO90z2fQ8/Aio73yw==",
      "dev": true
    },
    "prettier": {
      "version": "2.2.1",
      "resolved": "https://registry.npmjs.org/prettier/-/prettier-2.2.1.tgz",
      "integrity": "sha512-PqyhM2yCjg/oKkFPtTGUojv7gnZAoG80ttl45O6x2Ug/rMJw4wcc9k6aaf2hibP7BGVCCM33gZoGjyvt9mm16Q==",
      "dev": true
    }
  }
}
